
Microsoft Visual Studio Solution File, Format Version 12.00
# Visual Studio Version 17
VisualStudioVersion = 17.4.33213.308
MinimumVisualStudioVersion = 10.0.40219.1
Project("{9A19103F-16F7-4668-BE54-9A1E7A4F7556}") = "Esoft.Documents.DocumentsWebApi", "Esoft.Documents.DocumentsWebApi.csproj", "{30CB0B5A-9DB3-4661-9A56-060C29FA5B6D}"
EndProject
Project("{2150E333-8FDC-42A3-9474-1A3956D46DE8}") = "Esoft.Documents", "Esoft.Documents", "{03777699-CDEC-48F5-959C-5A93A185E938}"
EndProject
Project("{2150E333-8FDC-42A3-9474-1A3956D46DE8}") = "Dtos", "Dtos", "{B2935E0A-F909-4EB5-854D-FE56959D2D72}"
EndProject
Project("{2150E333-8FDC-42A3-9474-1A3956D46DE8}") = "Services", "Services", "{8B9FED5E-00F1-45EC-ABC7-80B1F5DCDA1A}"
EndProject
Project("{2150E333-8FDC-42A3-9474-1A3956D46DE8}") = "WebApi", "WebApi", "{09AF82F6-7D35-4EA4-8CA2-D5114B8FD05D}"
EndProject
Project("{FAE04EC0-301F-11D3-BF4B-00C04F79EFBC}") = "Esoft.Documents.Dto", "..\ClassLibrary1\Esoft.Documents.Dto.csproj", "{EEB34B28-D7BE-4358-82CD-1547061E1F24}"
EndProject
Project("{FAE04EC0-301F-11D3-BF4B-00C04F79EFBC}") = "Esoft.Documents.Dto.Test", "..\Esoft.Documents.Dto.Test\Esoft.Documents.Dto.Test.csproj", "{271916E7-90B4-4BE9-B9E2-1193CD16EDD8}"
EndProject
Project("{FAE04EC0-301F-11D3-BF4B-00C04F79EFBC}") = "Esoft.Documents.Service", "..\Esoft.Documents.Service\Esoft.Documents.Service.csproj", "{7456D8E0-EFB7-4DB0-BFEA-0275EB521C3D}"
EndProject
Project("{FAE04EC0-301F-11D3-BF4B-00C04F79EFBC}") = "Esoft.Documents.Service.Interface", "..\Esoft.Documents.Service.Interface\Esoft.Documents.Service.Interface.csproj", "{24FBDC40-0D15-4DC5-BE15-B61A4E4A3DCF}"
EndProject
Project("{FAE04EC0-301F-11D3-BF4B-00C04F79EFBC}") = "Esoft.Documents.Service.Test", "..\Esoft.Documents.Service.Test\Esoft.Documents.Service.Test.csproj", "{0114AC68-FC9F-4B03-867F-8D33BD5E02A2}"
EndProject
Project("{2150E333-8FDC-42A3-9474-1A3956D46DE8}") = "Data", "Data", "{FABEDD92-DB11-49C7-BDF4-1DF72D32BF4E}"
EndProject
Project("{FAE04EC0-301F-11D3-BF4B-00C04F79EFBC}") = "Esoft.Documents.Data", "..\Esoft.Documents.Data\Esoft.Documents.Data.csproj", "{318A34CC-FF4A-41D6-AC70-626F7DD26AC2}"
EndProject
Project("{FAE04EC0-301F-11D3-BF4B-00C04F79EFBC}") = "Esoft.Documents.Data.Test", "..\Esoft.Documents.Data.Test\Esoft.Documents.Data.Test.csproj", "{71244C84-9821-4E2D-8B92-3D0EF45DF6C0}"
EndProject
Project("{FAE04EC0-301F-11D3-BF4B-00C04F79EFBC}") = "Esoft.Documents.DocumentsWebApi.Test", "..\Esoft.Documents.DocumentsWebApi.Test\Esoft.Documents.DocumentsWebApi.Test.csproj", "{706E4B2C-D192-41C6-87AD-AFC550C2E9CF}"
EndProject
Project("{2150E333-8FDC-42A3-9474-1A3956D46DE8}") = "Common", "Common", "{D9FCA2AB-FFAB-4E72-A707-274378E6E666}"
EndProject
Project("{FAE04EC0-301F-11D3-BF4B-00C04F79EFBC}") = "Esoft.Documents.Common", "..\Esoft.Documents.Common\Esoft.Documents.Common.csproj", "{DC876192-A7C2-4942-8462-3BADA52EB926}"
EndProject
Global
	GlobalSection(SolutionConfigurationPlatforms) = preSolution
		Debug|Any CPU = Debug|Any CPU
		Release|Any CPU = Release|Any CPU
	EndGlobalSection
	GlobalSection(ProjectConfigurationPlatforms) = postSolution
		{30CB0B5A-9DB3-4661-9A56-060C29FA5B6D}.Debug|Any CPU.ActiveCfg = Debug|Any CPU
		{30CB0B5A-9DB3-4661-9A56-060C29FA5B6D}.Debug|Any CPU.Build.0 = Debug|Any CPU
		{30CB0B5A-9DB3-4661-9A56-060C29FA5B6D}.Release|Any CPU.ActiveCfg = Release|Any CPU
		{30CB0B5A-9DB3-4661-9A56-060C29FA5B6D}.Release|Any CPU.Build.0 = Release|Any CPU
		{EEB34B28-D7BE-4358-82CD-1547061E1F24}.Debug|Any CPU.ActiveCfg = Debug|Any CPU
		{EEB34B28-D7BE-4358-82CD-1547061E1F24}.Debug|Any CPU.Build.0 = Debug|Any CPU
		{EEB34B28-D7BE-4358-82CD-1547061E1F24}.Release|Any CPU.ActiveCfg = Release|Any CPU
		{EEB34B28-D7BE-4358-82CD-1547061E1F24}.Release|Any CPU.Build.0 = Release|Any CPU
		{271916E7-90B4-4BE9-B9E2-1193CD16EDD8}.Debug|Any CPU.ActiveCfg = Debug|Any CPU
		{271916E7-90B4-4BE9-B9E2-1193CD16EDD8}.Debug|Any CPU.Build.0 = Debug|Any CPU
		{271916E7-90B4-4BE9-B9E2-1193CD16EDD8}.Release|Any CPU.ActiveCfg = Release|Any CPU
		{271916E7-90B4-4BE9-B9E2-1193CD16EDD8}.Release|Any CPU.Build.0 = Release|Any CPU
		{7456D8E0-EFB7-4DB0-BFEA-0275EB521C3D}.Debug|Any CPU.ActiveCfg = Debug|Any CPU
		{7456D8E0-EFB7-4DB0-BFEA-0275EB521C3D}.Debug|Any CPU.Build.0 = Debug|Any CPU
		{7456D8E0-EFB7-4DB0-BFEA-0275EB521C3D}.Release|Any CPU.ActiveCfg = Release|Any CPU
		{7456D8E0-EFB7-4DB0-BFEA-0275EB521C3D}.Release|Any CPU.Build.0 = Release|Any CPU
		{24FBDC40-0D15-4DC5-BE15-B61A4E4A3DCF}.Debug|Any CPU.ActiveCfg = Debug|Any CPU
		{24FBDC40-0D15-4DC5-BE15-B61A4E4A3DCF}.Debug|Any CPU.Build.0 = Debug|Any CPU
		{24FBDC40-0D15-4DC5-BE15-B61A4E4A3DCF}.Release|Any CPU.ActiveCfg = Release|Any CPU
		{24FBDC40-0D15-4DC5-BE15-B61A4E4A3DCF}.Release|Any CPU.Build.0 = Release|Any CPU
		{0114AC68-FC9F-4B03-867F-8D33BD5E02A2}.Debug|Any CPU.ActiveCfg = Debug|Any CPU
		{0114AC68-FC9F-4B03-867F-8D33BD5E02A2}.Debug|Any CPU.Build.0 = Debug|Any CPU
		{0114AC68-FC9F-4B03-867F-8D33BD5E02A2}.Release|Any CPU.ActiveCfg = Release|Any CPU
		{0114AC68-FC9F-4B03-867F-8D33BD5E02A2}.Release|Any CPU.Build.0 = Release|Any CPU
		{318A34CC-FF4A-41D6-AC70-626F7DD26AC2}.Debug|Any CPU.ActiveCfg = Debug|Any CPU
		{318A34CC-FF4A-41D6-AC70-626F7DD26AC2}.Debug|Any CPU.Build.0 = Debug|Any CPU
		{318A34CC-FF4A-41D6-AC70-626F7DD26AC2}.Release|Any CPU.ActiveCfg = Release|Any CPU
		{318A34CC-FF4A-41D6-AC70-626F7DD26AC2}.Release|Any CPU.Build.0 = Release|Any CPU
		{71244C84-9821-4E2D-8B92-3D0EF45DF6C0}.Debug|Any CPU.ActiveCfg = Debug|Any CPU
		{71244C84-9821-4E2D-8B92-3D0EF45DF6C0}.Debug|Any CPU.Build.0 = Debug|Any CPU
		{71244C84-9821-4E2D-8B92-3D0EF45DF6C0}.Release|Any CPU.ActiveCfg = Release|Any CPU
		{71244C84-9821-4E2D-8B92-3D0EF45DF6C0}.Release|Any CPU.Build.0 = Release|Any CPU
		{706E4B2C-D192-41C6-87AD-AFC550C2E9CF}.Debug|Any CPU.ActiveCfg = Debug|Any CPU
		{706E4B2C-D192-41C6-87AD-AFC550C2E9CF}.Debug|Any CPU.Build.0 = Debug|Any CPU
		{706E4B2C-D192-41C6-87AD-AFC550C2E9CF}.Release|Any CPU.ActiveCfg = Release|Any CPU
		{706E4B2C-D192-41C6-87AD-AFC550C2E9CF}.Release|Any CPU.Build.0 = Release|Any CPU
		{DC876192-A7C2-4942-8462-3BADA52EB926}.Debug|Any CPU.ActiveCfg = Debug|Any CPU
		{DC876192-A7C2-4942-8462-3BADA52EB926}.Debug|Any CPU.Build.0 = Debug|Any CPU
		{DC876192-A7C2-4942-8462-3BADA52EB926}.Release|Any CPU.ActiveCfg = Release|Any CPU
		{DC876192-A7C2-4942-8462-3BADA52EB926}.Release|Any CPU.Build.0 = Release|Any CPU
	EndGlobalSection
	GlobalSection(SolutionProperties) = preSolution
		HideSolutionNode = FALSE
	EndGlobalSection
	GlobalSection(NestedProjects) = preSolution
		{30CB0B5A-9DB3-4661-9A56-060C29FA5B6D} = {09AF82F6-7D35-4EA4-8CA2-D5114B8FD05D}
		{B2935E0A-F909-4EB5-854D-FE56959D2D72} = {03777699-CDEC-48F5-959C-5A93A185E938}
		{8B9FED5E-00F1-45EC-ABC7-80B1F5DCDA1A} = {03777699-CDEC-48F5-959C-5A93A185E938}
		{09AF82F6-7D35-4EA4-8CA2-D5114B8FD05D} = {03777699-CDEC-48F5-959C-5A93A185E938}
		{EEB34B28-D7BE-4358-82CD-1547061E1F24} = {B2935E0A-F909-4EB5-854D-FE56959D2D72}
		{271916E7-90B4-4BE9-B9E2-1193CD16EDD8} = {B2935E0A-F909-4EB5-854D-FE56959D2D72}
		{7456D8E0-EFB7-4DB0-BFEA-0275EB521C3D} = {8B9FED5E-00F1-45EC-ABC7-80B1F5DCDA1A}
		{24FBDC40-0D15-4DC5-BE15-B61A4E4A3DCF} = {8B9FED5E-00F1-45EC-ABC7-80B1F5DCDA1A}
		{0114AC68-FC9F-4B03-867F-8D33BD5E02A2} = {8B9FED5E-00F1-45EC-ABC7-80B1F5DCDA1A}
		{FABEDD92-DB11-49C7-BDF4-1DF72D32BF4E} = {03777699-CDEC-48F5-959C-5A93A185E938}
		{318A34CC-FF4A-41D6-AC70-626F7DD26AC2} = {FABEDD92-DB11-49C7-BDF4-1DF72D32BF4E}
		{71244C84-9821-4E2D-8B92-3D0EF45DF6C0} = {FABEDD92-DB11-49C7-BDF4-1DF72D32BF4E}
		{706E4B2C-D192-41C6-87AD-AFC550C2E9CF} = {09AF82F6-7D35-4EA4-8CA2-D5114B8FD05D}
		{D9FCA2AB-FFAB-4E72-A707-274378E6E666} = {03777699-CDEC-48F5-959C-5A93A185E938}
		{DC876192-A7C2-4942-8462-3BADA52EB926} = {D9FCA2AB-FFAB-4E72-A707-274378E6E666}
	EndGlobalSection
	GlobalSection(ExtensibilityGlobals) = postSolution
		SolutionGuid = {D21B5297-CFDF-49A4-8FC4-7F3C38E689BA}
	EndGlobalSection
EndGlobal
